// !$*UTF8*$!
{
	archiveVersion = 1;
	classes = {
	};
	objectVersion = 77;
	objects = {

/* Begin PBXContainerItemProxy section */
		7A49182E2D84A8F5005368F8 /* PBXContainerItemProxy */ = {
			isa = PBXContainerItemProxy;
			containerPortal = 7A4918152D84A8F3005368F8 /* Project object */;
			proxyType = 1;
			remoteGlobalIDString = 7A49181C2D84A8F3005368F8;
			remoteInfo = CVSCodeTask;
		};
		7A4918382D84A8F5005368F8 /* PBXContainerItemProxy */ = {
			isa = PBXContainerItemProxy;
			containerPortal = 7A4918152D84A8F3005368F8 /* Project object */;
			proxyType = 1;
			remoteGlobalIDString = 7A49181C2D84A8F3005368F8;
			remoteInfo = CVSCodeTask;
		};
/* End PBXContainerItemProxy section */

/* Begin PBXFileReference section */
		7A49181D2D84A8F3005368F8 /* CVSCodeTask.app */ = {isa = PBXFileReference; explicitFileType = wrapper.application; includeInIndex = 0; path = CVSCodeTask.app; sourceTree = BUILT_PRODUCTS_DIR; };
		7A49182D2D84A8F5005368F8 /* CVSCodeTaskTests.xctest */ = {isa = PBXFileReference; explicitFileType = wrapper.cfbundle; includeInIndex = 0; path = CVSCodeTaskTests.xctest; sourceTree = BUILT_PRODUCTS_DIR; };
		7A4918372D84A8F5005368F8 /* CVSCodeTaskUITests.xctest */ = {isa = PBXFileReference; explicitFileType = wrapper.cfbundle; includeInIndex = 0; path = CVSCodeTaskUITests.xctest; sourceTree = BUILT_PRODUCTS_DIR; };
/* End PBXFileReference section */

/* Begin PBXFileSystemSynchronizedRootGroup section */
		7A49181F2D84A8F3005368F8 /* CVSCodeTask */ = {
			isa = PBXFileSystemSynchronizedRootGroup;
			path = CVSCodeTask;
			sourceTree = "<group>";
		};
		7A4918302D84A8F5005368F8 /* CVSCodeTaskTests */ = {
			isa = PBXFileSystemSynchronizedRootGroup;
			path = CVSCodeTaskTests;
			sourceTree = "<group>";
		};
		7A49183A2D84A8F5005368F8 /* CVSCodeTaskUITests */ = {
			isa = PBXFileSystemSynchronizedRootGroup;
			path = CVSCodeTaskUITests;
			sourceTree = "<group>";
		};
/* End PBXFileSystemSynchronizedRootGroup section */

/* Begin PBXFrameworksBuildPhase section */
		7A49181A2D84A8F3005368F8 /* Frameworks */ = {
			isa = PBXFrameworksBuildPhase;
			buildActionMask = 2147483647;
			files = (
			);
			runOnlyForDeploymentPostprocessing = 0;
		};
		7A49182A2D84A8F5005368F8 /* Frameworks */ = {
			isa = PBXFrameworksBuildPhase;
			buildActionMask = 2147483647;
			files = (
			);
			runOnlyForDeploymentPostprocessing = 0;
		};
		7A4918342D84A8F5005368F8 /* Frameworks */ = {
			isa = PBXFrameworksBuildPhase;
			buildActionMask = 2147483647;
			files = (
			);
			runOnlyForDeploymentPostprocessing = 0;
		};
/* End PBXFrameworksBuildPhase section */

/* Begin PBXGroup section */
		7A4918142D84A8F3005368F8 = {
			isa = PBXGroup;
			children = (
				7A49181F2D84A8F3005368F8 /* CVSCodeTask */,
				7A4918302D84A8F5005368F8 /* CVSCodeTaskTests */,
				7A49183A2D84A8F5005368F8 /* CVSCodeTaskUITests */,
				7A49181E2D84A8F3005368F8 /* Products */,
			);
			sourceTree = "<group>";
		};
		7A49181E2D84A8F3005368F8 /* Products */ = {
			isa = PBXGroup;
			children = (
				7A49181D2D84A8F3005368F8 /* CVSCodeTask.app */,
				7A49182D2D84A8F5005368F8 /* CVSCodeTaskTests.xctest */,
				7A4918372D84A8F5005368F8 /* CVSCodeTaskUITests.xctest */,
			);
			name = Products;
			sourceTree = "<group>";
		};
/* End PBXGroup section */

/* Begin PBXNativeTarget section */
		7A49181C2D84A8F3005368F8 /* CVSCodeTask */ = {
			isa = PBXNativeTarget;
			buildConfigurationList = 7A4918412D84A8F5005368F8 /* Build configuration list for PBXNativeTarget "CVSCodeTask" */;
			buildPhases = (
				7A4918192D84A8F3005368F8 /* Sources */,
				7A49181A2D84A8F3005368F8 /* Frameworks */,
				7A49181B2D84A8F3005368F8 /* Resources */,
			);
			buildRules = (
			);
			dependencies = (
			);
			fileSystemSynchronizedGroups = (
				7A49181F2D84A8F3005368F8 /* CVSCodeTask */,
			);
			name = CVSCodeTask;
			packageProductDependencies = (
			);
			productName = CVSCodeTask;
			productReference = 7A49181D2D84A8F3005368F8 /* CVSCodeTask.app */;
			productType = "com.apple.product-type.application";
		};
		7A49182C2D84A8F5005368F8 /* CVSCodeTaskTests */ = {
			isa = PBXNativeTarget;
			buildConfigurationList = 7A4918442D84A8F5005368F8 /* Build configuration list for PBXNativeTarget "CVSCodeTaskTests" */;
			buildPhases = (
				7A4918292D84A8F5005368F8 /* Sources */,
				7A49182A2D84A8F5005368F8 /* Frameworks */,
				7A49182B2D84A8F5005368F8 /* Resources */,
			);
			buildRules = (
			);
			dependencies = (
				7A49182F2D84A8F5005368F8 /* PBXTargetDependency */,
			);
			fileSystemSynchronizedGroups = (
				7A4918302D84A8F5005368F8 /* CVSCodeTaskTests */,
			);
			name = CVSCodeTaskTests;
			packageProductDependencies = (
			);
			productName = CVSCodeTaskTests;
			productReference = 7A49182D2D84A8F5005368F8 /* CVSCodeTaskTests.xctest */;
			productType = "com.apple.product-type.bundle.unit-test";
		};
		7A4918362D84A8F5005368F8 /* CVSCodeTaskUITests */ = {
			isa = PBXNativeTarget;
			buildConfigurationList = 7A4918472D84A8F5005368F8 /* Build configuration list for PBXNativeTarget "CVSCodeTaskUITests" */;
			buildPhases = (
				7A4918332D84A8F5005368F8 /* Sources */,
				7A4918342D84A8F5005368F8 /* Frameworks */,
				7A4918352D84A8F5005368F8 /* Resources */,
			);
			buildRules = (
			);
			dependencies = (
				7A4918392D84A8F5005368F8 /* PBXTargetDependency */,
			);
			fileSystemSynchronizedGroups = (
				7A49183A2D84A8F5005368F8 /* CVSCodeTaskUITests */,
			);
			name = CVSCodeTaskUITests;
			packageProductDependencies = (
			);
			productName = CVSCodeTaskUITests;
			productReference = 7A4918372D84A8F5005368F8 /* CVSCodeTaskUITests.xctest */;
			productType = "com.apple.product-type.bundle.ui-testing";
		};
/* End PBXNativeTarget section */

/* Begin PBXProject section */
		7A4918152D84A8F3005368F8 /* Project object */ = {
			isa = PBXProject;
			attributes = {
				BuildIndependentTargetsInParallel = 1;
				LastSwiftUpdateCheck = 1620;
				LastUpgradeCheck = 1620;
				TargetAttributes = {
					7A49181C2D84A8F3005368F8 = {
						CreatedOnToolsVersion = 16.2;
					};
					7A49182C2D84A8F5005368F8 = {
						CreatedOnToolsVersion = 16.2;
						TestTargetID = 7A49181C2D84A8F3005368F8;
					};
					7A4918362D84A8F5005368F8 = {
						CreatedOnToolsVersion = 16.2;
						TestTargetID = 7A49181C2D84A8F3005368F8;
					};
				};
			};
			buildConfigurationList = 7A4918182D84A8F3005368F8 /* Build configuration list for PBXProject "CVSCodeTask" */;
			developmentRegion = en;
			hasScannedForEncodings = 0;
			knownRegions = (
				en,
				Base,
			);
			mainGroup = 7A4918142D84A8F3005368F8;
			minimizedProjectReferenceProxies = 1;
			preferredProjectObjectVersion = 77;
			productRefGroup = 7A49181E2D84A8F3005368F8 /* Products */;
			projectDirPath = "";
			projectRoot = "";
			targets = (
				7A49181C2D84A8F3005368F8 /* CVSCodeTask */,
				7A49182C2D84A8F5005368F8 /* CVSCodeTaskTests */,
				7A4918362D84A8F5005368F8 /* CVSCodeTaskUITests */,
			);
		};
/* End PBXProject section */

/* Begin PBXResourcesBuildPhase section */
		7A49181B2D84A8F3005368F8 /* Resources */ = {
			isa = PBXResourcesBuildPhase;
			buildActionMask = 2147483647;
			files = (
			);
			runOnlyForDeploymentPostprocessing = 0;
		};
		7A49182B2D84A8F5005368F8 /* Resources */ = {
			isa = PBXResourcesBuildPhase;
			buildActionMask = 2147483647;
			files = (
			);
			runOnlyForDeploymentPostprocessing = 0;
		};
		7A4918352D84A8F5005368F8 /* Resources */ = {
			isa = PBXResourcesBuildPhase;
			buildActionMask = 2147483647;
			files = (
			);
			runOnlyForDeploymentPostprocessing = 0;
		};
/* End PBXResourcesBuildPhase section */

/* Begin PBXSourcesBuildPhase section */
		7A4918192D84A8F3005368F8 /* Sources */ = {
			isa = PBXSourcesBuildPhase;
			buildActionMask = 2147483647;
			files = (
			);
			runOnlyForDeploymentPostprocessing = 0;
		};
		7A4918292D84A8F5005368F8 /* Sources */ = {
			isa = PBXSourcesBuildPhase;
			buildActionMask = 2147483647;
			files = (
			);
			runOnlyForDeploymentPostprocessing = 0;
		};
		7A4918332D84A8F5005368F8 /* Sources */ = {
			isa = PBXSourcesBuildPhase;
			buildActionMask = 2147483647;
			files = (
			);
			runOnlyForDeploymentPostprocessing = 0;
		};
/* End PBXSourcesBuildPhase section */

/* Begin PBXTargetDependency section */
		7A49182F2D84A8F5005368F8 /* PBXTargetDependency */ = {
			isa = PBXTargetDependency;
			target = 7A49181C2D84A8F3005368F8 /* CVSCodeTask */;
			targetProxy = 7A49182E2D84A8F5005368F8 /* PBXContainerItemProxy */;
		};
		7A4918392D84A8F5005368F8 /* PBXTargetDependency */ = {
			isa = PBXTargetDependency;
			target = 7A49181C2D84A8F3005368F8 /* CVSCodeTask */;
			targetProxy = 7A4918382D84A8F5005368F8 /* PBXContainerItemProxy */;
		};
/* End PBXTargetDependency section */

/* Begin XCBuildConfiguration section */
		7A49183F2D84A8F5005368F8 /* Debug */ = {
			isa = XCBuildConfiguration;
			buildSettings = {
				ALWAYS_SEARCH_USER_PATHS = NO;
				ASSETCATALOG_COMPILER_GENERATE_SWIFT_ASSET_SYMBOL_EXTENSIONS = YES;
				CLANG_ANALYZER_NONNULL = YES;
				CLANG_ANALYZER_NUMBER_OBJECT_CONVERSION = YES_AGGRESSIVE;
				CLANG_CXX_LANGUAGE_STANDARD = "gnu++20";
				CLANG_ENABLE_MODULES = YES;
				CLANG_ENABLE_OBJC_ARC = YES;
				CLANG_ENABLE_OBJC_WEAK = YES;
				CLANG_WARN_BLOCK_CAPTURE_AUTORELEASING = YES;
				CLANG_WARN_BOOL_CONVERSION = YES;
				CLANG_WARN_COMMA = YES;
				CLANG_WARN_CONSTANT_CONVERSION = YES;
				CLANG_WARN_DEPRECATED_OBJC_IMPLEMENTATIONS = YES;
				CLANG_WARN_DIRECT_OBJC_ISA_USAGE = YES_ERROR;
				CLANG_WARN_DOCUMENTATION_COMMENTS = YES;
				CLANG_WARN_EMPTY_BODY = YES;
				CLANG_WARN_ENUM_CONVERSION = YES;
				CLANG_WARN_INFINITE_RECURSION = YES;
				CLANG_WARN_INT_CONVERSION = YES;
				CLANG_WARN_NON_LITERAL_NULL_CONVERSION = YES;
				CLANG_WARN_OBJC_IMPLICIT_RETAIN_SELF = YES;
				CLANG_WARN_OBJC_LITERAL_CONVERSION = YES;
				CLANG_WARN_OBJC_ROOT_CLASS = YES_ERROR;
				CLANG_WARN_QUOTED_INCLUDE_IN_FRAMEWORK_HEADER = YES;
				CLANG_WARN_RANGE_LOOP_ANALYSIS = YES;
				CLANG_WARN_STRICT_PROTOTYPES = YES;
				CLANG_WARN_SUSPICIOUS_MOVE = YES;
				CLANG_WARN_UNGUARDED_AVAILABILITY = YES_AGGRESSIVE;
				CLANG_WARN_UNREACHABLE_CODE = YES;
				CLANG_WARN__DUPLICATE_METHOD_MATCH = YES;
				COPY_PHASE_STRIP = NO;
				DEBUG_INFORMATION_FORMAT = dwarf;
				ENABLE_STRICT_OBJC_MSGSEND = YES;
				ENABLE_TESTABILITY = YES;
				ENABLE_USER_SCRIPT_SANDBOXING = YES;
				GCC_C_LANGUAGE_STANDARD = gnu17;
				GCC_DYNAMIC_NO_PIC = NO;
				GCC_NO_COMMON_BLOCKS = YES;
				GCC_OPTIMIZATION_LEVEL = 0;
				GCC_PREPROCESSOR_DEFINITIONS = (
					"DEBUG=1",
					"$(inherited)",
				);
				GCC_WARN_64_TO_32_BIT_CONVERSION = YES;
				GCC_WARN_ABOUT_RETURN_TYPE = YES_ERROR;
				GCC_WARN_UNDECLARED_SELECTOR = YES;
				GCC_WARN_UNINITIALIZED_AUTOS = YES_AGGRESSIVE;
				GCC_WARN_UNUSED_FUNCTION = YES;
				GCC_WARN_UNUSED_VARIABLE = YES;
				IPHONEOS_DEPLOYMENT_TARGET = 18.2;
				LOCALIZATION_PREFERS_STRING_CATALOGS = YES;
				MTL_ENABLE_DEBUG_INFO = INCLUDE_SOURCE;
				MTL_FAST_MATH = YES;
				ONLY_ACTIVE_ARCH = YES;
				SDKROOT = iphoneos;
				SWIFT_ACTIVE_COMPILATION_CONDITIONS = "DEBUG $(inherited)";
				SWIFT_OPTIMIZATION_LEVEL = "-Onone";
			};
			name = Debug;
		};
		7A4918402D84A8F5005368F8 /* Release */ = {
			isa = XCBuildConfiguration;
			buildSettings = {
				ALWAYS_SEARCH_USER_PATHS = NO;
				ASSETCATALOG_COMPILER_GENERATE_SWIFT_ASSET_SYMBOL_EXTENSIONS = YES;
				CLANG_ANALYZER_NONNULL = YES;
				CLANG_ANALYZER_NUMBER_OBJECT_CONVERSION = YES_AGGRESSIVE;
				CLANG_CXX_LANGUAGE_STANDARD = "gnu++20";
				CLANG_ENABLE_MODULES = YES;
				CLANG_ENABLE_OBJC_ARC = YES;
				CLANG_ENABLE_OBJC_WEAK = YES;
				CLANG_WARN_BLOCK_CAPTURE_AUTORELEASING = YES;
				CLANG_WARN_BOOL_CONVERSION = YES;
				CLANG_WARN_COMMA = YES;
				CLANG_WARN_CONSTANT_CONVERSION = YES;
				CLANG_WARN_DEPRECATED_OBJC_IMPLEMENTATIONS = YES;
				CLANG_WARN_DIRECT_OBJC_ISA_USAGE = YES_ERROR;
				CLANG_WARN_DOCUMENTATION_COMMENTS = YES;
				CLANG_WARN_EMPTY_BODY = YES;
				CLANG_WARN_ENUM_CONVERSION = YES;
				CLANG_WARN_INFINITE_RECURSION = YES;
				CLANG_WARN_INT_CONVERSION = YES;
				CLANG_WARN_NON_LITERAL_NULL_CONVERSION = YES;
				CLANG_WARN_OBJC_IMPLICIT_RETAIN_SELF = YES;
				CLANG_WARN_OBJC_LITERAL_CONVERSION = YES;
				CLANG_WARN_OBJC_ROOT_CLASS = YES_ERROR;
				CLANG_WARN_QUOTED_INCLUDE_IN_FRAMEWORK_HEADER = YES;
				CLANG_WARN_RANGE_LOOP_ANALYSIS = YES;
				CLANG_WARN_STRICT_PROTOTYPES = YES;
				CLANG_WARN_SUSPICIOUS_MOVE = YES;
				CLANG_WARN_UNGUARDED_AVAILABILITY = YES_AGGRESSIVE;
				CLANG_WARN_UNREACHABLE_CODE = YES;
				CLANG_WARN__DUPLICATE_METHOD_MATCH = YES;
				COPY_PHASE_STRIP = NO;
				DEBUG_INFORMATION_FORMAT = "dwarf-with-dsym";
				ENABLE_NS_ASSERTIONS = NO;
				ENABLE_STRICT_OBJC_MSGSEND = YES;
				ENABLE_USER_SCRIPT_SANDBOXING = YES;
				GCC_C_LANGUAGE_STANDARD = gnu17;
				GCC_NO_COMMON_BLOCKS = YES;
				GCC_WARN_64_TO_32_BIT_CONVERSION = YES;
				GCC_WARN_ABOUT_RETURN_TYPE = YES_ERROR;
				GCC_WARN_UNDECLARED_SELECTOR = YES;
				GCC_WARN_UNINITIALIZED_AUTOS = YES_AGGRESSIVE;
				GCC_WARN_UNUSED_FUNCTION = YES;
				GCC_WARN_UNUSED_VARIABLE = YES;
				IPHONEOS_DEPLOYMENT_TARGET = 18.2;
				LOCALIZATION_PREFERS_STRING_CATALOGS = YES;
				MTL_ENABLE_DEBUG_INFO = NO;
				MTL_FAST_MATH = YES;
				SDKROOT = iphoneos;
				SWIFT_COMPILATION_MODE = wholemodule;
				VALIDATE_PRODUCT = YES;
			};
			name = Release;
		};
		7A4918422D84A8F5005368F8 /* Debug */ = {
			isa = XCBuildConfiguration;
			buildSettings = {
				ASSETCATALOG_COMPILER_APPICON_NAME = AppIcon;
				ASSETCATALOG_COMPILER_GLOBAL_ACCENT_COLOR_NAME = AccentColor;
				CODE_SIGN_STYLE = Automatic;
				CURRENT_PROJECT_VERSION = 1;
				DEVELOPMENT_ASSET_PATHS = "\"CVSCodeTask/Preview Content\"";
				DEVELOPMENT_TEAM = PBTBVGQPFL;
				ENABLE_PREVIEWS = YES;
				GENERATE_INFOPLIST_FILE = YES;
				INFOPLIST_KEY_UIApplicationSceneManifest_Generation = YES;
				INFOPLIST_KEY_UIApplicationSupportsIndirectInputEvents = YES;
				INFOPLIST_KEY_UILaunchScreen_Generation = YES;
				INFOPLIST_KEY_UISupportedInterfaceOrientations_iPad = "UIInterfaceOrientationPortrait UIInterfaceOrientationPortraitUpsideDown UIInterfaceOrientationLandscapeLeft UIInterfaceOrientationLandscapeRight";
				INFOPLIST_KEY_UISupportedInterfaceOrientations_iPhone = "UIInterfaceOrientationPortrait UIInterfaceOrientationLandscapeLeft UIInterfaceOrientationLandscapeRight";
				LD_RUNPATH_SEARCH_PATHS = (
					"$(inherited)",
					"@executable_path/Frameworks",
				);
				MARKETING_VERSION = 1.0;
				PRODUCT_BUNDLE_IDENTIFIER = org.dimko.CVSCodeTask;
				PRODUCT_NAME = "$(TARGET_NAME)";
				SWIFT_EMIT_LOC_STRINGS = YES;
				SWIFT_VERSION = 5.0;
				TARGETED_DEVICE_FAMILY = "1,2";
			};
			name = Debug;
		};
		7A4918432D84A8F5005368F8 /* Release */ = {
			isa = XCBuildConfiguration;
			buildSettings = {
				ASSETCATALOG_COMPILER_APPICON_NAME = AppIcon;
				ASSETCATALOG_COMPILER_GLOBAL_ACCENT_COLOR_NAME = AccentColor;
				CODE_SIGN_STYLE = Automatic;
				CURRENT_PROJECT_VERSION = 1;
				DEVELOPMENT_ASSET_PATHS = "\"CVSCodeTask/Preview Content\"";
				DEVELOPMENT_TEAM = PBTBVGQPFL;
				ENABLE_PREVIEWS = YES;
				GENERATE_INFOPLIST_FILE = YES;
				INFOPLIST_KEY_UIApplicationSceneManifest_Generation = YES;
				INFOPLIST_KEY_UIApplicationSupportsIndirectInputEvents = YES;
				INFOPLIST_KEY_UILaunchScreen_Generation = YES;
				INFOPLIST_KEY_UISupportedInterfaceOrientations_iPad = "UIInterfaceOrientationPortrait UIInterfaceOrientationPortraitUpsideDown UIInterfaceOrientationLandscapeLeft UIInterfaceOrientationLandscapeRight";
				INFOPLIST_KEY_UISupportedInterfaceOrientations_iPhone = "UIInterfaceOrientationPortrait UIInterfaceOrientationLandscapeLeft UIInterfaceOrientationLandscapeRight";
				LD_RUNPATH_SEARCH_PATHS = (
					"$(inherited)",
					"@executable_path/Frameworks",
				);
				MARKETING_VERSION = 1.0;
				PRODUCT_BUNDLE_IDENTIFIER = org.dimko.CVSCodeTask;
				PRODUCT_NAME = "$(TARGET_NAME)";
				SWIFT_EMIT_LOC_STRINGS = YES;
				SWIFT_VERSION = 5.0;
				TARGETED_DEVICE_FAMILY = "1,2";
			};
			name = Release;
		};
		7A4918452D84A8F5005368F8 /* Debug */ = {
			isa = XCBuildConfiguration;
			buildSettings = {
				BUNDLE_LOADER = "$(TEST_HOST)";
				CODE_SIGN_STYLE = Automatic;
				CURRENT_PROJECT_VERSION = 1;
				DEVELOPMENT_TEAM = PBTBVGQPFL;
				GENERATE_INFOPLIST_FILE = YES;
				IPHONEOS_DEPLOYMENT_TARGET = 18.2;
				MARKETING_VERSION = 1.0;
				PRODUCT_BUNDLE_IDENTIFIER = org.dimko.CVSCodeTaskTests;
				PRODUCT_NAME = "$(TARGET_NAME)";
				SWIFT_EMIT_LOC_STRINGS = NO;
				SWIFT_VERSION = 5.0;
				TARGETED_DEVICE_FAMILY = "1,2";
				TEST_HOST = "$(BUILT_PRODUCTS_DIR)/CVSCodeTask.app/$(BUNDLE_EXECUTABLE_FOLDER_PATH)/CVSCodeTask";
			};
			name = Debug;
		};
		7A4918462D84A8F5005368F8 /* Release */ = {
			isa = XCBuildConfiguration;
			buildSettings = {
				BUNDLE_LOADER = "$(TEST_HOST)";
				CODE_SIGN_STYLE = Automatic;
				CURRENT_PROJECT_VERSION = 1;
				DEVELOPMENT_TEAM = PBTBVGQPFL;
				GENERATE_INFOPLIST_FILE = YES;
				IPHONEOS_DEPLOYMENT_TARGET = 18.2;
				MARKETING_VERSION = 1.0;
				PRODUCT_BUNDLE_IDENTIFIER = org.dimko.CVSCodeTaskTests;
				PRODUCT_NAME = "$(TARGET_NAME)";
				SWIFT_EMIT_LOC_STRINGS = NO;
				SWIFT_VERSION = 5.0;
				TARGETED_DEVICE_FAMILY = "1,2";
				TEST_HOST = "$(BUILT_PRODUCTS_DIR)/CVSCodeTask.app/$(BUNDLE_EXECUTABLE_FOLDER_PATH)/CVSCodeTask";
			};
			name = Release;
		};
		7A4918482D84A8F5005368F8 /* Debug */ = {
			isa = XCBuildConfiguration;
			buildSettings = {
				CODE_SIGN_STYLE = Automatic;
				CURRENT_PROJECT_VERSION = 1;
				DEVELOPMENT_TEAM = PBTBVGQPFL;
				GENERATE_INFOPLIST_FILE = YES;
				MARKETING_VERSION = 1.0;
				PRODUCT_BUNDLE_IDENTIFIER = org.dimko.CVSCodeTaskUITests;
				PRODUCT_NAME = "$(TARGET_NAME)";
				SWIFT_EMIT_LOC_STRINGS = NO;
				SWIFT_VERSION = 5.0;
				TARGETED_DEVICE_FAMILY = "1,2";
				TEST_TARGET_NAME = CVSCodeTask;
			};
			name = Debug;
		};
		7A4918492D84A8F5005368F8 /* Release */ = {
			isa = XCBuildConfiguration;
			buildSettings = {
				CODE_SIGN_STYLE = Automatic;
				CURRENT_PROJECT_VERSION = 1;
				DEVELOPMENT_TEAM = PBTBVGQPFL;
				GENERATE_INFOPLIST_FILE = YES;
				MARKETING_VERSION = 1.0;
				PRODUCT_BUNDLE_IDENTIFIER = org.dimko.CVSCodeTaskUITests;
				PRODUCT_NAME = "$(TARGET_NAME)";
				SWIFT_EMIT_LOC_STRINGS = NO;
				SWIFT_VERSION = 5.0;
				TARGETED_DEVICE_FAMILY = "1,2";
				TEST_TARGET_NAME = CVSCodeTask;
			};
			name = Release;
		};
/* End XCBuildConfiguration section */

/* Begin XCConfigurationList section */
		7A4918182D84A8F3005368F8 /* Build configuration list for PBXProject "CVSCodeTask" */ = {
			isa = XCConfigurationList;
			buildConfigurations = (
				7A49183F2D84A8F5005368F8 /* Debug */,
				7A4918402D84A8F5005368F8 /* Release */,
			);
			defaultConfigurationIsVisible = 0;
			defaultConfigurationName = Release;
		};
		7A4918412D84A8F5005368F8 /* Build configuration list for PBXNativeTarget "CVSCodeTask" */ = {
			isa = XCConfigurationList;
			buildConfigurations = (
				7A4918422D84A8F5005368F8 /* Debug */,
				7A4918432D84A8F5005368F8 /* Release */,
			);
			defaultConfigurationIsVisible = 0;
			defaultConfigurationName = Release;
		};
		7A4918442D84A8F5005368F8 /* Build configuration list for PBXNativeTarget "CVSCodeTaskTests" */ = {
			isa = XCConfigurationList;
			buildConfigurations = (
				7A4918452D84A8F5005368F8 /* Debug */,
				7A4918462D84A8F5005368F8 /* Release */,
			);
			defaultConfigurationIsVisible = 0;
			defaultConfigurationName = Release;
		};
		7A4918472D84A8F5005368F8 /* Build configuration list for PBXNativeTarget "CVSCodeTaskUITests" */ = {
			isa = XCConfigurationList;
			buildConfigurations = (
				7A4918482D84A8F5005368F8 /* Debug */,
				7A4918492D84A8F5005368F8 /* Release */,
			);
			defaultConfigurationIsVisible = 0;
			defaultConfigurationName = Release;
		};
/* End XCConfigurationList section */
	};
	rootObject = 7A4918152D84A8F3005368F8 /* Project object */;
}
